{
  "version": 4,
  "terraform_version": "1.5.7",
  "serial": 27,
  "lineage": "fd191b8c-f215-e3c5-b2f0-7acb4b85bc9b",
  "outputs": {},
  "resources": [
    {
      "mode": "managed",
      "type": "aws_acm_certificate",
      "name": "deck_cert",
      "provider": "provider[\"registry.terraform.io/hashicorp/aws\"]",
      "instances": [
        {
          "deposed": "00e753d0",
          "schema_version": 0,
          "attributes": {
            "arn": "arn:aws:acm:us-east-1:676005808238:certificate/ae00cb45-c6ba-48fc-b750-a90ba47a836a",
            "certificate_authority_arn": "",
            "certificate_body": null,
            "certificate_chain": null,
            "domain_name": "deck.ryze.pro",
            "domain_validation_options": [
              {
                "domain_name": "deck.ryze.pro",
                "resource_record_name": "_e0f431dea70a26c1db601a97df783a38.deck.ryze.pro.",
                "resource_record_type": "CNAME",
                "resource_record_value": "_f184d44a220bca89b126ac915584a6cf.xlfgrmvvlj.acm-validations.aws."
              }
            ],
            "early_renewal_duration": "",
            "id": "arn:aws:acm:us-east-1:676005808238:certificate/ae00cb45-c6ba-48fc-b750-a90ba47a836a",
            "key_algorithm": "RSA_2048",
            "not_after": "2026-10-03T23:59:59Z",
            "not_before": "2025-09-04T00:00:00Z",
            "options": [
              {
                "certificate_transparency_logging_preference": "ENABLED"
              }
            ],
            "pending_renewal": false,
            "private_key": null,
            "renewal_eligibility": "ELIGIBLE",
            "renewal_summary": [],
            "status": "ISSUED",
            "subject_alternative_names": [
              "deck.ryze.pro"
            ],
            "tags": {},
            "tags_all": {},
            "type": "AMAZON_ISSUED",
            "validation_emails": [],
            "validation_method": "DNS",
            "validation_option": []
          },
          "sensitive_attributes": [],
          "private": "bnVsbA==",
          "create_before_destroy": true
        }
      ]
    }
  ],
  "check_results": null
}
